
Microsoft Visual Studio Solution File, Format Version 11.00
# Visual Studio 2010
Project("{8BC9CEB8-8B4A-11D0-8D11-00A0C91BC942}") = "lincked liste", "lincked liste\lincked liste.vcxproj", "{321C6229-98E5-4AC1-BA53-2ED4FF6695BF}"
EndProject
Global
	GlobalSection(SolutionConfigurationPlatforms) = preSolution
		Debug|Win32 = Debug|Win32
		Release|Win32 = Release|Win32
	EndGlobalSection
	GlobalSection(ProjectConfigurationPlatforms) = postSolution
		{321C6229-98E5-4AC1-BA53-2ED4FF6695BF}.Debug|Win32.ActiveCfg = Debug|Win32
		{321C6229-98E5-4AC1-BA53-2ED4FF6695BF}.Debug|Win32.Build.0 = Debug|Win32
		{321C6229-98E5-4AC1-BA53-2ED4FF6695BF}.Release|Win32.ActiveCfg = Release|Win32
		{321C6229-98E5-4AC1-BA53-2ED4FF6695BF}.Release|Win32.Build.0 = Release|Win32
	EndGlobalSection
	GlobalSection(SolutionProperties) = preSolution
		HideSolutionNode = FALSE
	EndGlobalSection
EndGlobal
